PODS:
  - MBProgressHUD (1.2.0)
  - SVProgressHUD (2.2.5)

DEPENDENCIES:
  - MBProgressHUD (~> 1.2.0)
  - SVProgressHUD

SPEC REPOS:
  trunk:
    - MBProgressHUD
    - SVProgressHUD

SPEC CHECKSUMS:
  MBProgressHUD: 3ee5efcc380f6a79a7cc9b363dd669c5e1ae7406
  SVProgressHUD: 1428aafac632c1f86f62aa4243ec12008d7a51d6

PODFILE CHECKSUM: 7946e66dfe20cf7a8935bd49d9efe0cd16d7388e

COCOAPODS: 1.8.4
